
Microsoft Visual Studio Solution File, Format Version 12.00
# Visual Studio Version 16
VisualStudioVersion = 16.0.34931.43
MinimumVisualStudioVersion = 10.0.40219.1
Project("{9A19103F-16F7-4668-BE54-9A1E7A4F7556}") = "TravelAssitantAPI", "TravelAssitantAPI\TravelAssitantAPI.csproj", "{346B7AC5-E1E8-44AD-AD0A-71B02A257064}"
EndProject
Project("{FAE04EC0-301F-11D3-BF4B-00C04F79EFBC}") = "UnitTests", "UnitTests\UnitTests.csproj", "{58D54864-9CE9-41E9-AB42-A00F4F933114}"
EndProject
Global
	GlobalSection(SolutionConfigurationPlatforms) = preSolution
		Debug|Any CPU = Debug|Any CPU
		Release|Any CPU = Release|Any CPU
	EndGlobalSection
	GlobalSection(ProjectConfigurationPlatforms) = postSolution
		{346B7AC5-E1E8-44AD-AD0A-71B02A257064}.Debug|Any CPU.ActiveCfg = Debug|Any CPU
		{346B7AC5-E1E8-44AD-AD0A-71B02A257064}.Debug|Any CPU.Build.0 = Debug|Any CPU
		{346B7AC5-E1E8-44AD-AD0A-71B02A257064}.Release|Any CPU.ActiveCfg = Release|Any CPU
		{346B7AC5-E1E8-44AD-AD0A-71B02A257064}.Release|Any CPU.Build.0 = Release|Any CPU
		{58D54864-9CE9-41E9-AB42-A00F4F933114}.Debug|Any CPU.ActiveCfg = Debug|Any CPU
		{58D54864-9CE9-41E9-AB42-A00F4F933114}.Debug|Any CPU.Build.0 = Debug|Any CPU
		{58D54864-9CE9-41E9-AB42-A00F4F933114}.Release|Any CPU.ActiveCfg = Release|Any CPU
		{58D54864-9CE9-41E9-AB42-A00F4F933114}.Release|Any CPU.Build.0 = Release|Any CPU
	EndGlobalSection
	GlobalSection(SolutionProperties) = preSolution
		HideSolutionNode = FALSE
	EndGlobalSection
	GlobalSection(ExtensibilityGlobals) = postSolution
		SolutionGuid = {B528E1DF-579D-4AE0-B858-B877DBC64532}
	EndGlobalSection
EndGlobal
